// !$*UTF8*$!
{
	archiveVersion = 1;
	classes = {
	};
	objectVersion = 50;
	objects = {

/* Begin PBXBuildFile section */
		12CE269726C304D000FCD67F /* AppDelegate.swift in Sources */ = {isa = PBXBuildFile; fileRef = 12CE269626C304D000FCD67F /* AppDelegate.swift */; };
		12CE269926C304D000FCD67F /* SceneDelegate.swift in Sources */ = {isa = PBXBuildFile; fileRef = 12CE269826C304D000FCD67F /* SceneDelegate.swift */; };
		12CE269B26C304D000FCD67F /* ViewController.swift in Sources */ = {isa = PBXBuildFile; fileRef = 12CE269A26C304D000FCD67F /* ViewController.swift */; };
		12CE269E26C304D000FCD67F /* Main.storyboard in Resources */ = {isa = PBXBuildFile; fileRef = 12CE269C26C304D000FCD67F /* Main.storyboard */; };
		12CE26A026C304D500FCD67F /* Assets.xcassets in Resources */ = {isa = PBXBuildFile; fileRef = 12CE269F26C304D500FCD67F /* Assets.xcassets */; };
		12CE26A326C304D500FCD67F /* LaunchScreen.storyboard in Resources */ = {isa = PBXBuildFile; fileRef = 12CE26A126C304D500FCD67F /* LaunchScreen.storyboard */; };
		12CE26AC26C3057600FCD67F /* Question.swift in Sources */ = {isa = PBXBuildFile; fileRef = 12CE26AB26C3057600FCD67F /* Question.swift */; };
		12CE26AE26C3059300FCD67F /* Game.swift in Sources */ = {isa = PBXBuildFile; fileRef = 12CE26AD26C3059300FCD67F /* Game.swift */; };
		12CE26B126C305DD00FCD67F /* GameVC.swift in Sources */ = {isa = PBXBuildFile; fileRef = 12CE26B026C305DD00FCD67F /* GameVC.swift */; };
		12CE26B326C3060300FCD67F /* StartVC.swift in Sources */ = {isa = PBXBuildFile; fileRef = 12CE26B226C3060300FCD67F /* StartVC.swift */; };
/* End PBXBuildFile section */

/* Begin PBXFileReference section */
		12CE269326C304D000FCD67F /* BasicРatterns.app */ = {isa = PBXFileReference; explicitFileType = wrapper.application; includeInIndex = 0; path = "BasicРatterns.app"; sourceTree = BUILT_PRODUCTS_DIR; };
		12CE269626C304D000FCD67F /* AppDelegate.swift */ = {isa = PBXFileReference; lastKnownFileType = sourcecode.swift; path = AppDelegate.swift; sourceTree = "<group>"; };
		12CE269826C304D000FCD67F /* SceneDelegate.swift */ = {isa = PBXFileReference; lastKnownFileType = sourcecode.swift; path = SceneDelegate.swift; sourceTree = "<group>"; };
		12CE269A26C304D000FCD67F /* ViewController.swift */ = {isa = PBXFileReference; lastKnownFileType = sourcecode.swift; path = ViewController.swift; sourceTree = "<group>"; };
		12CE269D26C304D000FCD67F /* Base */ = {isa = PBXFileReference; lastKnownFileType = file.storyboard; name = Base; path = Base.lproj/Main.storyboard; sourceTree = "<group>"; };
		12CE269F26C304D500FCD67F /* Assets.xcassets */ = {isa = PBXFileReference; lastKnownFileType = folder.assetcatalog; path = Assets.xcassets; sourceTree = "<group>"; };
		12CE26A226C304D500FCD67F /* Base */ = {isa = PBXFileReference; lastKnownFileType = file.storyboard; name = Base; path = Base.lproj/LaunchScreen.storyboard; sourceTree = "<group>"; };
		12CE26A426C304D500FCD67F /* Info.plist */ = {isa = PBXFileReference; lastKnownFileType = text.plist.xml; path = Info.plist; sourceTree = "<group>"; };
		12CE26AB26C3057600FCD67F /* Question.swift */ = {isa = PBXFileReference; lastKnownFileType = sourcecode.swift; path = Question.swift; sourceTree = "<group>"; };
		12CE26AD26C3059300FCD67F /* Game.swift */ = {isa = PBXFileReference; lastKnownFileType = sourcecode.swift; path = Game.swift; sourceTree = "<group>"; };
		12CE26B026C305DD00FCD67F /* GameVC.swift */ = {isa = PBXFileReference; lastKnownFileType = sourcecode.swift; path = GameVC.swift; sourceTree = "<group>"; };
		12CE26B226C3060300FCD67F /* StartVC.swift */ = {isa = PBXFileReference; lastKnownFileType = sourcecode.swift; path = StartVC.swift; sourceTree = "<group>"; };
/* End PBXFileReference section */

/* Begin PBXFrameworksBuildPhase section */
		12CE269026C304D000FCD67F /* Frameworks */ = {
			isa = PBXFrameworksBuildPhase;
			buildActionMask = 2147483647;
			files = (
			);
			runOnlyForDeploymentPostprocessing = 0;
		};
/* End PBXFrameworksBuildPhase section */

/* Begin PBXGroup section */
		12CE268A26C304D000FCD67F = {
			isa = PBXGroup;
			children = (
				12CE269526C304D000FCD67F /* BasicРatterns */,
				12CE269426C304D000FCD67F /* Products */,
			);
			sourceTree = "<group>";
		};
		12CE269426C304D000FCD67F /* Products */ = {
			isa = PBXGroup;
			children = (
				12CE269326C304D000FCD67F /* BasicРatterns.app */,
			);
			name = Products;
			sourceTree = "<group>";
		};
		12CE269526C304D000FCD67F /* BasicРatterns */ = {
			isa = PBXGroup;
			children = (
				12CE26AF26C305B900FCD67F /* VC */,
				12CE26AA26C3054F00FCD67F /* Models */,
				12CE269626C304D000FCD67F /* AppDelegate.swift */,
				12CE269826C304D000FCD67F /* SceneDelegate.swift */,
				12CE269A26C304D000FCD67F /* ViewController.swift */,
				12CE269C26C304D000FCD67F /* Main.storyboard */,
				12CE269F26C304D500FCD67F /* Assets.xcassets */,
				12CE26A126C304D500FCD67F /* LaunchScreen.storyboard */,
				12CE26A426C304D500FCD67F /* Info.plist */,
			);
			path = "BasicРatterns";
			sourceTree = "<group>";
		};
		12CE26AA26C3054F00FCD67F /* Models */ = {
			isa = PBXGroup;
			children = (
				12CE26AB26C3057600FCD67F /* Question.swift */,
				12CE26AD26C3059300FCD67F /* Game.swift */,
			);
			path = Models;
			sourceTree = "<group>";
		};
		12CE26AF26C305B900FCD67F /* VC */ = {
			isa = PBXGroup;
			children = (
				12CE26B026C305DD00FCD67F /* GameVC.swift */,
				12CE26B226C3060300FCD67F /* StartVC.swift */,
			);
			path = VC;
			sourceTree = "<group>";
		};
/* End PBXGroup section */

/* Begin PBXNativeTarget section */
		12CE269226C304D000FCD67F /* BasicРatterns */ = {
			isa = PBXNativeTarget;
			buildConfigurationList = 12CE26A726C304D500FCD67F /* Build configuration list for PBXNativeTarget "BasicРatterns" */;
			buildPhases = (
				12CE268F26C304D000FCD67F /* Sources */,
				12CE269026C304D000FCD67F /* Frameworks */,
				12CE269126C304D000FCD67F /* Resources */,
			);
			buildRules = (
			);
			dependencies = (
			);
			name = "BasicРatterns";
			productName = "BasicРatterns";
			productReference = 12CE269326C304D000FCD67F /* BasicРatterns.app */;
			productType = "com.apple.product-type.application";
		};
/* End PBXNativeTarget section */

/* Begin PBXProject section */
		12CE268B26C304D000FCD67F /* Project object */ = {
			isa = PBXProject;
			attributes = {
				LastSwiftUpdateCheck = 1250;
				LastUpgradeCheck = 1250;
				TargetAttributes = {
					12CE269226C304D000FCD67F = {
						CreatedOnToolsVersion = 12.5.1;
					};
				};
			};
			buildConfigurationList = 12CE268E26C304D000FCD67F /* Build configuration list for PBXProject "BasicРatterns" */;
			compatibilityVersion = "Xcode 9.3";
			developmentRegion = en;
			hasScannedForEncodings = 0;
			knownRegions = (
				en,
				Base,
			);
			mainGroup = 12CE268A26C304D000FCD67F;
			productRefGroup = 12CE269426C304D000FCD67F /* Products */;
			projectDirPath = "";
			projectRoot = "";
			targets = (
				12CE269226C304D000FCD67F /* BasicРatterns */,
			);
		};
/* End PBXProject section */

/* Begin PBXResourcesBuildPhase section */
		12CE269126C304D000FCD67F /* Resources */ = {
			isa = PBXResourcesBuildPhase;
			buildActionMask = 2147483647;
			files = (
				12CE26A326C304D500FCD67F /* LaunchScreen.storyboard in Resources */,
				12CE26A026C304D500FCD67F /* Assets.xcassets in Resources */,
				12CE269E26C304D000FCD67F /* Main.storyboard in Resources */,
			);
			runOnlyForDeploymentPostprocessing = 0;
		};
/* End PBXResourcesBuildPhase section */

/* Begin PBXSourcesBuildPhase section */
		12CE268F26C304D000FCD67F /* Sources */ = {
			isa = PBXSourcesBuildPhase;
			buildActionMask = 2147483647;
			files = (
				12CE269B26C304D000FCD67F /* ViewController.swift in Sources */,
				12CE26B326C3060300FCD67F /* StartVC.swift in Sources */,
				12CE26AE26C3059300FCD67F /* Game.swift in Sources */,
				12CE26AC26C3057600FCD67F /* Question.swift in Sources */,
				12CE269726C304D000FCD67F /* AppDelegate.swift in Sources */,
				12CE26B126C305DD00FCD67F /* GameVC.swift in Sources */,
				12CE269926C304D000FCD67F /* SceneDelegate.swift in Sources */,
			);
			runOnlyForDeploymentPostprocessing = 0;
		};
/* End PBXSourcesBuildPhase section */

/* Begin PBXVariantGroup section */
		12CE269C26C304D000FCD67F /* Main.storyboard */ = {
			isa = PBXVariantGroup;
			children = (
				12CE269D26C304D000FCD67F /* Base */,
			);
			name = Main.storyboard;
			sourceTree = "<group>";
		};
		12CE26A126C304D500FCD67F /* LaunchScreen.storyboard */ = {
			isa = PBXVariantGroup;
			children = (
				12CE26A226C304D500FCD67F /* Base */,
			);
			name = LaunchScreen.storyboard;
			sourceTree = "<group>";
		};
/* End PBXVariantGroup section */

/* Begin XCBuildConfiguration section */
		12CE26A526C304D500FCD67F /* Debug */ = {
			isa = XCBuildConfiguration;
			buildSettings = {
				ALWAYS_SEARCH_USER_PATHS = NO;
				CLANG_ANALYZER_NONNULL = YES;
				CLANG_ANALYZER_NUMBER_OBJECT_CONVERSION = YES_AGGRESSIVE;
				CLANG_CXX_LANGUAGE_STANDARD = "gnu++14";
				CLANG_CXX_LIBRARY = "libc++";
				CLANG_ENABLE_MODULES = YES;
				CLANG_ENABLE_OBJC_ARC = YES;
				CLANG_ENABLE_OBJC_WEAK = YES;
				CLANG_WARN_BLOCK_CAPTURE_AUTORELEASING = YES;
				CLANG_WARN_BOOL_CONVERSION = YES;
				CLANG_WARN_COMMA = YES;
				CLANG_WARN_CONSTANT_CONVERSION = YES;
				CLANG_WARN_DEPRECATED_OBJC_IMPLEMENTATIONS = YES;
				CLANG_WARN_DIRECT_OBJC_ISA_USAGE = YES_ERROR;
				CLANG_WARN_DOCUMENTATION_COMMENTS = YES;
				CLANG_WARN_EMPTY_BODY = YES;
				CLANG_WARN_ENUM_CONVERSION = YES;
				CLANG_WARN_INFINITE_RECURSION = YES;
				CLANG_WARN_INT_CONVERSION = YES;
				CLANG_WARN_NON_LITERAL_NULL_CONVERSION = YES;
				CLANG_WARN_OBJC_IMPLICIT_RETAIN_SELF = YES;
				CLANG_WARN_OBJC_LITERAL_CONVERSION = YES;
				CLANG_WARN_OBJC_ROOT_CLASS = YES_ERROR;
				CLANG_WARN_QUOTED_INCLUDE_IN_FRAMEWORK_HEADER = YES;
				CLANG_WARN_RANGE_LOOP_ANALYSIS = YES;
				CLANG_WARN_STRICT_PROTOTYPES = YES;
				CLANG_WARN_SUSPICIOUS_MOVE = YES;
				CLANG_WARN_UNGUARDED_AVAILABILITY = YES_AGGRESSIVE;
				CLANG_WARN_UNREACHABLE_CODE = YES;
				CLANG_WARN__DUPLICATE_METHOD_MATCH = YES;
				COPY_PHASE_STRIP = NO;
				DEBUG_INFORMATION_FORMAT = dwarf;
				ENABLE_STRICT_OBJC_MSGSEND = YES;
				ENABLE_TESTABILITY = YES;
				GCC_C_LANGUAGE_STANDARD = gnu11;
				GCC_DYNAMIC_NO_PIC = NO;
				GCC_NO_COMMON_BLOCKS = YES;
				GCC_OPTIMIZATION_LEVEL = 0;
				GCC_PREPROCESSOR_DEFINITIONS = (
					"DEBUG=1",
					"$(inherited)",
				);
				GCC_WARN_64_TO_32_BIT_CONVERSION = YES;
				GCC_WARN_ABOUT_RETURN_TYPE = YES_ERROR;
				GCC_WARN_UNDECLARED_SELECTOR = YES;
				GCC_WARN_UNINITIALIZED_AUTOS = YES_AGGRESSIVE;
				GCC_WARN_UNUSED_FUNCTION = YES;
				GCC_WARN_UNUSED_VARIABLE = YES;
				IPHONEOS_DEPLOYMENT_TARGET = 14.5;
				MTL_ENABLE_DEBUG_INFO = INCLUDE_SOURCE;
				MTL_FAST_MATH = YES;
				ONLY_ACTIVE_ARCH = YES;
				SDKROOT = iphoneos;
				SWIFT_ACTIVE_COMPILATION_CONDITIONS = DEBUG;
				SWIFT_OPTIMIZATION_LEVEL = "-Onone";
			};
			name = Debug;
		};
		12CE26A626C304D500FCD67F /* Release */ = {
			isa = XCBuildConfiguration;
			buildSettings = {
				ALWAYS_SEARCH_USER_PATHS = NO;
				CLANG_ANALYZER_NONNULL = YES;
				CLANG_ANALYZER_NUMBER_OBJECT_CONVERSION = YES_AGGRESSIVE;
				CLANG_CXX_LANGUAGE_STANDARD = "gnu++14";
				CLANG_CXX_LIBRARY = "libc++";
				CLANG_ENABLE_MODULES = YES;
				CLANG_ENABLE_OBJC_ARC = YES;
				CLANG_ENABLE_OBJC_WEAK = YES;
				CLANG_WARN_BLOCK_CAPTURE_AUTORELEASING = YES;
				CLANG_WARN_BOOL_CONVERSION = YES;
				CLANG_WARN_COMMA = YES;
				CLANG_WARN_CONSTANT_CONVERSION = YES;
				CLANG_WARN_DEPRECATED_OBJC_IMPLEMENTATIONS = YES;
				CLANG_WARN_DIRECT_OBJC_ISA_USAGE = YES_ERROR;
				CLANG_WARN_DOCUMENTATION_COMMENTS = YES;
				CLANG_WARN_EMPTY_BODY = YES;
				CLANG_WARN_ENUM_CONVERSION = YES;
				CLANG_WARN_INFINITE_RECURSION = YES;
				CLANG_WARN_INT_CONVERSION = YES;
				CLANG_WARN_NON_LITERAL_NULL_CONVERSION = YES;
				CLANG_WARN_OBJC_IMPLICIT_RETAIN_SELF = YES;
				CLANG_WARN_OBJC_LITERAL_CONVERSION = YES;
				CLANG_WARN_OBJC_ROOT_CLASS = YES_ERROR;
				CLANG_WARN_QUOTED_INCLUDE_IN_FRAMEWORK_HEADER = YES;
				CLANG_WARN_RANGE_LOOP_ANALYSIS = YES;
				CLANG_WARN_STRICT_PROTOTYPES = YES;
				CLANG_WARN_SUSPICIOUS_MOVE = YES;
				CLANG_WARN_UNGUARDED_AVAILABILITY = YES_AGGRESSIVE;
				CLANG_WARN_UNREACHABLE_CODE = YES;
				CLANG_WARN__DUPLICATE_METHOD_MATCH = YES;
				COPY_PHASE_STRIP = NO;
				DEBUG_INFORMATION_FORMAT = "dwarf-with-dsym";
				ENABLE_NS_ASSERTIONS = NO;
				ENABLE_STRICT_OBJC_MSGSEND = YES;
				GCC_C_LANGUAGE_STANDARD = gnu11;
				GCC_NO_COMMON_BLOCKS = YES;
				GCC_WARN_64_TO_32_BIT_CONVERSION = YES;
				GCC_WARN_ABOUT_RETURN_TYPE = YES_ERROR;
				GCC_WARN_UNDECLARED_SELECTOR = YES;
				GCC_WARN_UNINITIALIZED_AUTOS = YES_AGGRESSIVE;
				GCC_WARN_UNUSED_FUNCTION = YES;
				GCC_WARN_UNUSED_VARIABLE = YES;
				IPHONEOS_DEPLOYMENT_TARGET = 14.5;
				MTL_ENABLE_DEBUG_INFO = NO;
				MTL_FAST_MATH = YES;
				SDKROOT = iphoneos;
				SWIFT_COMPILATION_MODE = wholemodule;
				SWIFT_OPTIMIZATION_LEVEL = "-O";
				VALIDATE_PRODUCT = YES;
			};
			name = Release;
		};
		12CE26A826C304D500FCD67F /* Debug */ = {
			isa = XCBuildConfiguration;
			buildSettings = {
				ASSETCATALOG_COMPILER_APPICON_NAME = AppIcon;
				ASSETCATALOG_COMPILER_GLOBAL_ACCENT_COLOR_NAME = AccentColor;
				CODE_SIGN_STYLE = Automatic;
				DEVELOPMENT_TEAM = X2ATXNW3N6;
				INFOPLIST_FILE = "BasicРatterns/Info.plist";
				LD_RUNPATH_SEARCH_PATHS = (
					"$(inherited)",
					"@executable_path/Frameworks",
				);
				PRODUCT_BUNDLE_IDENTIFIER = "zzzz.Basic-atterns";
				PRODUCT_NAME = "$(TARGET_NAME)";
				SWIFT_VERSION = 5.0;
				TARGETED_DEVICE_FAMILY = "1,2";
			};
			name = Debug;
		};
		12CE26A926C304D500FCD67F /* Release */ = {
			isa = XCBuildConfiguration;
			buildSettings = {
				ASSETCATALOG_COMPILER_APPICON_NAME = AppIcon;
				ASSETCATALOG_COMPILER_GLOBAL_ACCENT_COLOR_NAME = AccentColor;
				CODE_SIGN_STYLE = Automatic;
				DEVELOPMENT_TEAM = X2ATXNW3N6;
				INFOPLIST_FILE = "BasicРatterns/Info.plist";
				LD_RUNPATH_SEARCH_PATHS = (
					"$(inherited)",
					"@executable_path/Frameworks",
				);
				PRODUCT_BUNDLE_IDENTIFIER = "zzzz.Basic-atterns";
				PRODUCT_NAME = "$(TARGET_NAME)";
				SWIFT_VERSION = 5.0;
				TARGETED_DEVICE_FAMILY = "1,2";
			};
			name = Release;
		};
/* End XCBuildConfiguration section */

/* Begin XCConfigurationList section */
		12CE268E26C304D000FCD67F /* Build configuration list for PBXProject "BasicРatterns" */ = {
			isa = XCConfigurationList;
			buildConfigurations = (
				12CE26A526C304D500FCD67F /* Debug */,
				12CE26A626C304D500FCD67F /* Release */,
			);
			defaultConfigurationIsVisible = 0;
			defaultConfigurationName = Release;
		};
		12CE26A726C304D500FCD67F /* Build configuration list for PBXNativeTarget "BasicРatterns" */ = {
			isa = XCConfigurationList;
			buildConfigurations = (
				12CE26A826C304D500FCD67F /* Debug */,
				12CE26A926C304D500FCD67F /* Release */,
			);
			defaultConfigurationIsVisible = 0;
			defaultConfigurationName = Release;
		};
/* End XCConfigurationList section */
	};
	rootObject = 12CE268B26C304D000FCD67F /* Project object */;
}
